
Microsoft Visual Studio Solution File, Format Version 12.00
# Visual Studio 14
VisualStudioVersion = 14.0.24720.0
MinimumVisualStudioVersion = 10.0.40219.1
Project("{FAE04EC0-301F-11D3-BF4B-00C04F79EFBC}") = "PourDemain", "PourDemain\PourDemain.csproj", "{ADDD5ED3-D030-4E6F-9D61-10BADB0A3DCA}"
EndProject
Global
	GlobalSection(SolutionConfigurationPlatforms) = preSolution
		Debug|Any CPU = Debug|Any CPU
		Release|Any CPU = Release|Any CPU
	EndGlobalSection
	GlobalSection(ProjectConfigurationPlatforms) = postSolution
		{ADDD5ED3-D030-4E6F-9D61-10BADB0A3DCA}.Debug|Any CPU.ActiveCfg = Debug|Any CPU
		{ADDD5ED3-D030-4E6F-9D61-10BADB0A3DCA}.Debug|Any CPU.Build.0 = Debug|Any CPU
		{ADDD5ED3-D030-4E6F-9D61-10BADB0A3DCA}.Release|Any CPU.ActiveCfg = Release|Any CPU
		{ADDD5ED3-D030-4E6F-9D61-10BADB0A3DCA}.Release|Any CPU.Build.0 = Release|Any CPU
	EndGlobalSection
	GlobalSection(SolutionProperties) = preSolution
		HideSolutionNode = FALSE
	EndGlobalSection
EndGlobal
